
Microsoft Visual Studio Solution File, Format Version 12.00
# Visual Studio 15
VisualStudioVersion = 15.0.27428.2011
MinimumVisualStudioVersion = 10.0.40219.1
Project("{9A19103F-16F7-4668-BE54-9A1E7A4F7556}") = "Automation.Knx", "Automation.Knx\Automation.Knx.csproj", "{C81AA5AB-2062-4AE9-9333-43686C92CF8E}"
EndProject
Project("{FAE04EC0-301F-11D3-BF4B-00C04F79EFBC}") = "Automation.Knx.UnitTest", "Automation.Knx.UnitTest\Automation.Knx.UnitTest.csproj", "{04241F03-6C69-40D6-93D5-F76C03B28204}"
EndProject
Project("{FAE04EC0-301F-11D3-BF4B-00C04F79EFBC}") = "Automation.Knx.TestConsole", "Automation.Knx.TestConsole\Automation.Knx.TestConsole.csproj", "{13BDB213-A148-4BB4-BC7E-36D5CE93D947}"
EndProject
Global
	GlobalSection(SolutionConfigurationPlatforms) = preSolution
		Debug|Any CPU = Debug|Any CPU
		Release|Any CPU = Release|Any CPU
	EndGlobalSection
	GlobalSection(ProjectConfigurationPlatforms) = postSolution
		{C81AA5AB-2062-4AE9-9333-43686C92CF8E}.Debug|Any CPU.ActiveCfg = Debug|Any CPU
		{C81AA5AB-2062-4AE9-9333-43686C92CF8E}.Debug|Any CPU.Build.0 = Debug|Any CPU
		{C81AA5AB-2062-4AE9-9333-43686C92CF8E}.Release|Any CPU.ActiveCfg = Release|Any CPU
		{C81AA5AB-2062-4AE9-9333-43686C92CF8E}.Release|Any CPU.Build.0 = Release|Any CPU
		{04241F03-6C69-40D6-93D5-F76C03B28204}.Debug|Any CPU.ActiveCfg = Debug|Any CPU
		{04241F03-6C69-40D6-93D5-F76C03B28204}.Debug|Any CPU.Build.0 = Debug|Any CPU
		{04241F03-6C69-40D6-93D5-F76C03B28204}.Release|Any CPU.ActiveCfg = Release|Any CPU
		{04241F03-6C69-40D6-93D5-F76C03B28204}.Release|Any CPU.Build.0 = Release|Any CPU
		{13BDB213-A148-4BB4-BC7E-36D5CE93D947}.Debug|Any CPU.ActiveCfg = Debug|Any CPU
		{13BDB213-A148-4BB4-BC7E-36D5CE93D947}.Debug|Any CPU.Build.0 = Debug|Any CPU
		{13BDB213-A148-4BB4-BC7E-36D5CE93D947}.Release|Any CPU.ActiveCfg = Release|Any CPU
		{13BDB213-A148-4BB4-BC7E-36D5CE93D947}.Release|Any CPU.Build.0 = Release|Any CPU
	EndGlobalSection
	GlobalSection(SolutionProperties) = preSolution
		HideSolutionNode = FALSE
	EndGlobalSection
	GlobalSection(ExtensibilityGlobals) = postSolution
		SolutionGuid = {DDD504F8-6590-435C-9A64-4147BBABA315}
	EndGlobalSection
EndGlobal
